
Microsoft Visual Studio Solution File, Format Version 12.00
# Visual Studio 15
VisualStudioVersion = 15.0.28307.168
MinimumVisualStudioVersion = 10.0.40219.1
Project("{FAE04EC0-301F-11D3-BF4B-00C04F79EFBC}") = "Hello Jenkins", "Hello Jenkins\Hello Jenkins.csproj", "{EA5918E3-2F3B-48A2-8FA7-04E7C27E0102}"
EndProject
Global
	GlobalSection(SolutionConfigurationPlatforms) = preSolution
		Debug|Any CPU = Debug|Any CPU
		Release|Any CPU = Release|Any CPU
	EndGlobalSection
	GlobalSection(ProjectConfigurationPlatforms) = postSolution
		{EA5918E3-2F3B-48A2-8FA7-04E7C27E0102}.Debug|Any CPU.ActiveCfg = Debug|Any CPU
		{EA5918E3-2F3B-48A2-8FA7-04E7C27E0102}.Debug|Any CPU.Build.0 = Debug|Any CPU
		{EA5918E3-2F3B-48A2-8FA7-04E7C27E0102}.Release|Any CPU.ActiveCfg = Release|Any CPU
		{EA5918E3-2F3B-48A2-8FA7-04E7C27E0102}.Release|Any CPU.Build.0 = Release|Any CPU
	EndGlobalSection
	GlobalSection(SolutionProperties) = preSolution
		HideSolutionNode = FALSE
	EndGlobalSection
	GlobalSection(ExtensibilityGlobals) = postSolution
		SolutionGuid = {25152A8A-3585-43F5-9867-7F00FA7A68F9}
	EndGlobalSection
EndGlobal
